
Microsoft Visual Studio Solution File, Format Version 12.00
# Visual Studio Version 16
VisualStudioVersion = 16.0.29806.167
MinimumVisualStudioVersion = 10.0.40219.1
Project("{8BC9CEB8-8B4A-11D0-8D11-00A0C91BC942}") = "OOP lab 3", "OOP lab 3\OOP lab 3.vcxproj", "{256DC3DF-E772-441C-8197-631EE616BB3F}"
EndProject
Global
	GlobalSection(SolutionConfigurationPlatforms) = preSolution
		Debug|x64 = Debug|x64
		Debug|x86 = Debug|x86
		Release|x64 = Release|x64
		Release|x86 = Release|x86
	EndGlobalSection
	GlobalSection(ProjectConfigurationPlatforms) = postSolution
		{256DC3DF-E772-441C-8197-631EE616BB3F}.Debug|x64.ActiveCfg = Debug|x64
		{256DC3DF-E772-441C-8197-631EE616BB3F}.Debug|x64.Build.0 = Debug|x64
		{256DC3DF-E772-441C-8197-631EE616BB3F}.Debug|x86.ActiveCfg = Debug|Win32
		{256DC3DF-E772-441C-8197-631EE616BB3F}.Debug|x86.Build.0 = Debug|Win32
		{256DC3DF-E772-441C-8197-631EE616BB3F}.Release|x64.ActiveCfg = Release|x64
		{256DC3DF-E772-441C-8197-631EE616BB3F}.Release|x64.Build.0 = Release|x64
		{256DC3DF-E772-441C-8197-631EE616BB3F}.Release|x86.ActiveCfg = Release|Win32
		{256DC3DF-E772-441C-8197-631EE616BB3F}.Release|x86.Build.0 = Release|Win32
	EndGlobalSection
	GlobalSection(SolutionProperties) = preSolution
		HideSolutionNode = FALSE
	EndGlobalSection
	GlobalSection(ExtensibilityGlobals) = postSolution
		SolutionGuid = {520D1BD1-045A-48FF-BE86-0E3FFB82486B}
	EndGlobalSection
EndGlobal
